
Microsoft Visual Studio Solution File, Format Version 12.00
# Visual Studio Version 17
VisualStudioVersion = 17.1.32328.378
MinimumVisualStudioVersion = 10.0.40219.1
Project("{9A19103F-16F7-4668-BE54-9A1E7A4F7556}") = "SamuraiApp.Domain", "SamuraiApp.Domain\SamuraiApp.Domain.csproj", "{9FC8B79F-D5E6-48BF-A4C3-B34ABE30B1E9}"
EndProject
Project("{9A19103F-16F7-4668-BE54-9A1E7A4F7556}") = "SamuraiApp.Data", "SamuraiApp.Data\SamuraiApp.Data.csproj", "{7177C841-E832-4EEC-BEA7-EE6F53AF763E}"
EndProject
Project("{FAE04EC0-301F-11D3-BF4B-00C04F79EFBC}") = "SamuraiApp.UI", "SamuraiApp.UI\SamuraiApp.UI.csproj", "{8D5AA5E5-0732-4F97-AAD4-092EB411422E}"
EndProject
Global
	GlobalSection(SolutionConfigurationPlatforms) = preSolution
		Debug|Any CPU = Debug|Any CPU
		Release|Any CPU = Release|Any CPU
	EndGlobalSection
	GlobalSection(ProjectConfigurationPlatforms) = postSolution
		{9FC8B79F-D5E6-48BF-A4C3-B34ABE30B1E9}.Debug|Any CPU.ActiveCfg = Debug|Any CPU
		{9FC8B79F-D5E6-48BF-A4C3-B34ABE30B1E9}.Debug|Any CPU.Build.0 = Debug|Any CPU
		{9FC8B79F-D5E6-48BF-A4C3-B34ABE30B1E9}.Release|Any CPU.ActiveCfg = Release|Any CPU
		{9FC8B79F-D5E6-48BF-A4C3-B34ABE30B1E9}.Release|Any CPU.Build.0 = Release|Any CPU
		{7177C841-E832-4EEC-BEA7-EE6F53AF763E}.Debug|Any CPU.ActiveCfg = Debug|Any CPU
		{7177C841-E832-4EEC-BEA7-EE6F53AF763E}.Debug|Any CPU.Build.0 = Debug|Any CPU
		{7177C841-E832-4EEC-BEA7-EE6F53AF763E}.Release|Any CPU.ActiveCfg = Release|Any CPU
		{7177C841-E832-4EEC-BEA7-EE6F53AF763E}.Release|Any CPU.Build.0 = Release|Any CPU
		{8D5AA5E5-0732-4F97-AAD4-092EB411422E}.Debug|Any CPU.ActiveCfg = Debug|Any CPU
		{8D5AA5E5-0732-4F97-AAD4-092EB411422E}.Debug|Any CPU.Build.0 = Debug|Any CPU
		{8D5AA5E5-0732-4F97-AAD4-092EB411422E}.Release|Any CPU.ActiveCfg = Release|Any CPU
		{8D5AA5E5-0732-4F97-AAD4-092EB411422E}.Release|Any CPU.Build.0 = Release|Any CPU
	EndGlobalSection
	GlobalSection(SolutionProperties) = preSolution
		HideSolutionNode = FALSE
	EndGlobalSection
	GlobalSection(ExtensibilityGlobals) = postSolution
		SolutionGuid = {8155BE2B-FC86-43B0-AFAD-D63BB6F7A4ED}
	EndGlobalSection
EndGlobal
